
Microsoft Visual Studio Solution File, Format Version 12.00
# Visual Studio 15
Project("{FAE04EC0-301F-11D3-BF4B-00C04F79EFBC}") = "challenge", "challenge\challenge.csproj", "{0C7865AD-B98D-467F-B595-1E4C5A272132}"
EndProject
Project("{FAE04EC0-301F-11D3-BF4B-00C04F79EFBC}") = "Moons", "Moons\Moons.csproj", "{C1BFE8D0-436D-4838-AFA8-213EB2AFE9EA}"
EndProject
Project("{FAE04EC0-301F-11D3-BF4B-00C04F79EFBC}") = "test", "test\test.csproj", "{F6687EE0-FAA9-4AF5-BC96-8F2209A8C305}"
EndProject
Global
	GlobalSection(SolutionConfigurationPlatforms) = preSolution
		Debug|Any CPU = Debug|Any CPU
		Release|Any CPU = Release|Any CPU
	EndGlobalSection
	GlobalSection(ProjectConfigurationPlatforms) = postSolution
		{0C7865AD-B98D-467F-B595-1E4C5A272132}.Debug|Any CPU.ActiveCfg = Debug|Any CPU
		{0C7865AD-B98D-467F-B595-1E4C5A272132}.Debug|Any CPU.Build.0 = Debug|Any CPU
		{0C7865AD-B98D-467F-B595-1E4C5A272132}.Release|Any CPU.ActiveCfg = Release|Any CPU
		{0C7865AD-B98D-467F-B595-1E4C5A272132}.Release|Any CPU.Build.0 = Release|Any CPU
		{C1BFE8D0-436D-4838-AFA8-213EB2AFE9EA}.Debug|Any CPU.ActiveCfg = Debug|Any CPU
		{C1BFE8D0-436D-4838-AFA8-213EB2AFE9EA}.Debug|Any CPU.Build.0 = Debug|Any CPU
		{C1BFE8D0-436D-4838-AFA8-213EB2AFE9EA}.Release|Any CPU.ActiveCfg = Release|Any CPU
		{C1BFE8D0-436D-4838-AFA8-213EB2AFE9EA}.Release|Any CPU.Build.0 = Release|Any CPU
		{F6687EE0-FAA9-4AF5-BC96-8F2209A8C305}.Debug|Any CPU.ActiveCfg = Debug|Any CPU
		{F6687EE0-FAA9-4AF5-BC96-8F2209A8C305}.Debug|Any CPU.Build.0 = Debug|Any CPU
		{F6687EE0-FAA9-4AF5-BC96-8F2209A8C305}.Release|Any CPU.ActiveCfg = Release|Any CPU
		{F6687EE0-FAA9-4AF5-BC96-8F2209A8C305}.Release|Any CPU.Build.0 = Release|Any CPU
	EndGlobalSection
EndGlobal
