
Microsoft Visual Studio Solution File, Format Version 12.00
# Visual Studio 15
Project("{FAE04EC0-301F-11D3-BF4B-00C04F79EFBC}") = "challenge", "challenge\challenge.csproj", "{8F8A5177-95F7-47A0-8189-D25EB990173B}"
EndProject
Global
	GlobalSection(SolutionConfigurationPlatforms) = preSolution
		Debug|Any CPU = Debug|Any CPU
		Release|Any CPU = Release|Any CPU
	EndGlobalSection
	GlobalSection(ProjectConfigurationPlatforms) = postSolution
		{8F8A5177-95F7-47A0-8189-D25EB990173B}.Debug|Any CPU.ActiveCfg = Debug|Any CPU
		{8F8A5177-95F7-47A0-8189-D25EB990173B}.Debug|Any CPU.Build.0 = Debug|Any CPU
		{8F8A5177-95F7-47A0-8189-D25EB990173B}.Release|Any CPU.ActiveCfg = Release|Any CPU
		{8F8A5177-95F7-47A0-8189-D25EB990173B}.Release|Any CPU.Build.0 = Release|Any CPU
	EndGlobalSection
EndGlobal
