
Microsoft Visual Studio Solution File, Format Version 12.00
# Visual Studio 15
Project("{FAE04EC0-301F-11D3-BF4B-00C04F79EFBC}") = "IntcodeComputer", "..\..\computer\IntcodeComputer\IntcodeComputer.csproj", "{4F93F11D-7B90-4938-883B-1C9AA7E0B8A1}"
EndProject
Project("{FAE04EC0-301F-11D3-BF4B-00C04F79EFBC}") = "IntcodeComputerTest", "..\..\computer\IntcodeComputerTest\IntcodeComputerTest.csproj", "{847F0F01-5693-4DCE-8B1C-B2D5785E6D64}"
EndProject
Project("{FAE04EC0-301F-11D3-BF4B-00C04F79EFBC}") = "challenge", "challenge\challenge.csproj", "{3DDF64EB-7616-43FA-B470-353DA7C2E3EB}"
EndProject
Project("{FAE04EC0-301F-11D3-BF4B-00C04F79EFBC}") = "test", "test\test.csproj", "{FAC86705-25F7-4BD4-8BF2-51C3DFDA67D5}"
EndProject
Global
	GlobalSection(SolutionConfigurationPlatforms) = preSolution
		Debug|Any CPU = Debug|Any CPU
		Release|Any CPU = Release|Any CPU
	EndGlobalSection
	GlobalSection(ProjectConfigurationPlatforms) = postSolution
		{4F93F11D-7B90-4938-883B-1C9AA7E0B8A1}.Debug|Any CPU.ActiveCfg = Debug|Any CPU
		{4F93F11D-7B90-4938-883B-1C9AA7E0B8A1}.Debug|Any CPU.Build.0 = Debug|Any CPU
		{4F93F11D-7B90-4938-883B-1C9AA7E0B8A1}.Release|Any CPU.ActiveCfg = Release|Any CPU
		{4F93F11D-7B90-4938-883B-1C9AA7E0B8A1}.Release|Any CPU.Build.0 = Release|Any CPU
		{847F0F01-5693-4DCE-8B1C-B2D5785E6D64}.Debug|Any CPU.ActiveCfg = Debug|Any CPU
		{847F0F01-5693-4DCE-8B1C-B2D5785E6D64}.Debug|Any CPU.Build.0 = Debug|Any CPU
		{847F0F01-5693-4DCE-8B1C-B2D5785E6D64}.Release|Any CPU.ActiveCfg = Release|Any CPU
		{847F0F01-5693-4DCE-8B1C-B2D5785E6D64}.Release|Any CPU.Build.0 = Release|Any CPU
		{3DDF64EB-7616-43FA-B470-353DA7C2E3EB}.Debug|Any CPU.ActiveCfg = Debug|Any CPU
		{3DDF64EB-7616-43FA-B470-353DA7C2E3EB}.Debug|Any CPU.Build.0 = Debug|Any CPU
		{3DDF64EB-7616-43FA-B470-353DA7C2E3EB}.Release|Any CPU.ActiveCfg = Release|Any CPU
		{3DDF64EB-7616-43FA-B470-353DA7C2E3EB}.Release|Any CPU.Build.0 = Release|Any CPU
		{FAC86705-25F7-4BD4-8BF2-51C3DFDA67D5}.Debug|Any CPU.ActiveCfg = Debug|Any CPU
		{FAC86705-25F7-4BD4-8BF2-51C3DFDA67D5}.Debug|Any CPU.Build.0 = Debug|Any CPU
		{FAC86705-25F7-4BD4-8BF2-51C3DFDA67D5}.Release|Any CPU.ActiveCfg = Release|Any CPU
		{FAC86705-25F7-4BD4-8BF2-51C3DFDA67D5}.Release|Any CPU.Build.0 = Release|Any CPU
	EndGlobalSection
EndGlobal
